
Microsoft Visual Studio Solution File, Format Version 12.00
# Visual Studio Version 17
VisualStudioVersion = 17.10.35027.167
MinimumVisualStudioVersion = 10.0.40219.1
Project("{9A19103F-16F7-4668-BE54-9A1E7A4F7556}") = "DataAccessLayer", "DataAccessLayer\DataAccessLayer.csproj", "{68489EED-5206-460E-B769-CB3F629BDE4C}"
EndProject
Project("{9A19103F-16F7-4668-BE54-9A1E7A4F7556}") = "BusinessLogicLayer", "BusinessLogicLayer\BusinessLogicLayer.csproj", "{13479218-B78D-4E5D-AB19-D33EC8C9B7A2}"
EndProject
Project("{9A19103F-16F7-4668-BE54-9A1E7A4F7556}") = "EntitiesLayer", "EntitiesLayer\EntitiesLayer.csproj", "{3052941F-B154-4A6A-AFA8-0F5EC080796D}"
EndProject
Project("{9A19103F-16F7-4668-BE54-9A1E7A4F7556}") = "BlazorAppQuiz", "BlazorAppQuiz\BlazorAppQuiz.csproj", "{D981D409-C749-4D26-BDB8-8FB5FDAEDCEA}"
EndProject
Project("{FAE04EC0-301F-11D3-BF4B-00C04F79EFBC}") = "BlazorAppNew", "BlazorAppNew\BlazorAppNew.csproj", "{F2354E59-AD4D-46B9-94B5-A89942FAEE74}"
EndProject
Global
	GlobalSection(SolutionConfigurationPlatforms) = preSolution
		Debug|Any CPU = Debug|Any CPU
		Release|Any CPU = Release|Any CPU
	EndGlobalSection
	GlobalSection(ProjectConfigurationPlatforms) = postSolution
		{68489EED-5206-460E-B769-CB3F629BDE4C}.Debug|Any CPU.ActiveCfg = Debug|Any CPU
		{68489EED-5206-460E-B769-CB3F629BDE4C}.Debug|Any CPU.Build.0 = Debug|Any CPU
		{68489EED-5206-460E-B769-CB3F629BDE4C}.Release|Any CPU.ActiveCfg = Release|Any CPU
		{68489EED-5206-460E-B769-CB3F629BDE4C}.Release|Any CPU.Build.0 = Release|Any CPU
		{13479218-B78D-4E5D-AB19-D33EC8C9B7A2}.Debug|Any CPU.ActiveCfg = Debug|Any CPU
		{13479218-B78D-4E5D-AB19-D33EC8C9B7A2}.Debug|Any CPU.Build.0 = Debug|Any CPU
		{13479218-B78D-4E5D-AB19-D33EC8C9B7A2}.Release|Any CPU.ActiveCfg = Release|Any CPU
		{13479218-B78D-4E5D-AB19-D33EC8C9B7A2}.Release|Any CPU.Build.0 = Release|Any CPU
		{3052941F-B154-4A6A-AFA8-0F5EC080796D}.Debug|Any CPU.ActiveCfg = Debug|Any CPU
		{3052941F-B154-4A6A-AFA8-0F5EC080796D}.Debug|Any CPU.Build.0 = Debug|Any CPU
		{3052941F-B154-4A6A-AFA8-0F5EC080796D}.Release|Any CPU.ActiveCfg = Release|Any CPU
		{3052941F-B154-4A6A-AFA8-0F5EC080796D}.Release|Any CPU.Build.0 = Release|Any CPU
		{D981D409-C749-4D26-BDB8-8FB5FDAEDCEA}.Debug|Any CPU.ActiveCfg = Debug|Any CPU
		{D981D409-C749-4D26-BDB8-8FB5FDAEDCEA}.Debug|Any CPU.Build.0 = Debug|Any CPU
		{D981D409-C749-4D26-BDB8-8FB5FDAEDCEA}.Release|Any CPU.ActiveCfg = Release|Any CPU
		{D981D409-C749-4D26-BDB8-8FB5FDAEDCEA}.Release|Any CPU.Build.0 = Release|Any CPU
		{F2354E59-AD4D-46B9-94B5-A89942FAEE74}.Debug|Any CPU.ActiveCfg = Debug|Any CPU
		{F2354E59-AD4D-46B9-94B5-A89942FAEE74}.Debug|Any CPU.Build.0 = Debug|Any CPU
		{F2354E59-AD4D-46B9-94B5-A89942FAEE74}.Release|Any CPU.ActiveCfg = Release|Any CPU
		{F2354E59-AD4D-46B9-94B5-A89942FAEE74}.Release|Any CPU.Build.0 = Release|Any CPU
	EndGlobalSection
	GlobalSection(SolutionProperties) = preSolution
		HideSolutionNode = FALSE
	EndGlobalSection
	GlobalSection(ExtensibilityGlobals) = postSolution
		SolutionGuid = {D45DEE3E-8502-43B5-B1C1-0CB34E66A4F7}
	EndGlobalSection
EndGlobal
